{
  "name": "@blockly/theme-hackermode",
  "version": "0.0.0",
  "lockfileVersion": 3,
  "requires": true,
  "packages": {
    "": {
      "name": "@blockly/theme-hackermode",
      "version": "0.0.0",
      "license": "Apache-2.0",
      "devDependencies": {
        "blockly": "^11.0.0-beta.7"
      },
      "peerDependencies": {
        "blockly": "^11.0.0-beta.7"
      }
    },
    "../block-test": {
      "name": "@blockly/block-test",
      "version": "5.1.0",
      "extraneous": true,
      "license": "Apache 2.0",
      "devDependencies": {
        "blockly": "^11.0.0-beta.2"
      },
      "engines": {
        "node": ">=8.17.0"
      },
      "peerDependencies": {
        "blockly": "^11.0.0-beta.2"
      }
    },
    "../dev-scripts": {
      "name": "@blockly/dev-scripts",
      "version": "3.1.1",
      "extraneous": true,
      "license": "Apache-2.0",
      "dependencies": {
        "@babel/code-frame": "^7.8.3",
        "chalk": "^4.0.0",
        "eslint": "^7.15.0",
        "eslint-webpack-plugin": "^3.0.0",
        "fork-ts-checker-webpack-plugin": "^8.0.0",
        "mocha": "^9.2.0",
        "rimraf": "^3.0.2",
        "source-map-loader": "^1.0.0",
        "ts-loader": "^9.4.1",
        "webpack": "^5.0.0",
        "webpack-cli": "^4.9.1",
        "webpack-dev-server": "^4.0.0"
      },
      "bin": {
        "blockly-scripts": "bin/blockly-scripts.js"
      },
      "devDependencies": {
        "blockly": "^11.0.0-beta.2",
        "typescript": "^5.0.4"
      },
      "engines": {
        "node": ">=8.0.0"
      },
      "peerDependencies": {
        "typescript": "^4.3.2 || ^5"
      },
      "peerDependenciesMeta": {
        "typescript": {
          "optional": true
        }
      }
    },
    "../dev-tools": {
      "name": "@blockly/dev-tools",
      "version": "7.1.6",
      "extraneous": true,
      "license": "Apache-2.0",
      "dependencies": {
        "chai": "^4.2.0",
        "dat.gui": "^0.7.7",
        "lodash.assign": "^4.2.0",
        "lodash.merge": "^4.6.2",
        "monaco-editor": "^0.20.0",
        "sinon": "^9.0.2"
      },
      "devDependencies": {
        "@types/dat.gui": "^0.7.5",
        "blockly": "^11.0.0-beta.2"
      },
      "engines": {
        "node": ">=8.0.0"
      },
      "peerDependencies": {
        "blockly": "^11.0.0-beta.2"
      }
    },
    "../eslint-config": {
      "name": "@blockly/eslint-config",
      "version": "3.0.3",
      "extraneous": true,
      "license": "Apache-2.0",
      "dependencies": {
        "@typescript-eslint/eslint-plugin": "^5.0.0",
        "@typescript-eslint/parser": "^5.0.0",
        "babel-eslint": "^10.1.0",
        "eslint-config-google": "^0.14.0",
        "eslint-plugin-jsdoc": "^46.8.0"
      },
      "devDependencies": {
        "blockly": "^11.0.0-beta.2"
      },
      "engines": {
        "node": ">=10.0.0"
      },
      "peerDependencies": {
        "eslint": "7.x"
      }
    },
    "../theme-dark": {
      "name": "@blockly/theme-dark",
      "version": "6.0.5",
      "extraneous": true,
      "license": "Apache-2.0",
      "devDependencies": {
        "blockly": "^11.0.0-beta.2"
      },
      "engines": {
        "node": ">=8.17.0"
      },
      "peerDependencies": {
        "blockly": "^11.0.0-beta.2"
      }
    },
    "../theme-deuteranopia": {
      "name": "@blockly/theme-deuteranopia",
      "version": "5.0.5",
      "extraneous": true,
      "license": "Apache-2.0",
      "devDependencies": {
        "blockly": "^11.0.0-beta.2"
      },
      "engines": {
        "node": ">=8.17.0"
      },
      "peerDependencies": {
        "blockly": "^11.0.0-beta.2"
      }
    },
    "../theme-highcontrast": {
      "name": "@blockly/theme-highcontrast",
      "version": "5.0.5",
      "extraneous": true,
      "license": "Apache-2.0",
      "devDependencies": {
        "blockly": "^11.0.0-beta.2"
      },
      "engines": {
        "node": ">=8.17.0"
      },
      "peerDependencies": {
        "blockly": "^11.0.0-beta.2"
      }
    },
    "../theme-tritanopia": {
      "name": "@blockly/theme-tritanopia",
      "version": "5.0.5",
      "extraneous": true,
      "license": "Apache-2.0",
      "devDependencies": {
        "blockly": "^11.0.0-beta.2"
      },
      "engines": {
        "node": ">=8.17.0"
      },
      "peerDependencies": {
        "blockly": "^11.0.0-beta.2"
      }
    },
    "node_modules/agent-base": {
      "version": "7.1.0",
      "dev": true,
      "license": "MIT",
      "dependencies": {
        "debug": "^4.3.4"
      },
      "engines": {
        "node": ">= 14"
      }
    },
    "node_modules/asynckit": {
      "version": "0.4.0",
      "dev": true,
      "license": "MIT"
    },
    "node_modules/blockly": {
      "version": "11.0.0-beta.7",
      "resolved": "https://registry.npmjs.org/blockly/-/blockly-11.0.0-beta.7.tgz",
      "integrity": "sha512-JQ/EGIQLPgzopVYH6Vj7H88Y5jnWzRQT028Eg+zXCCWe1CNFyBDrB94SGhTV585E22b9RWW4IKqX/2EHj5eI1A==",
      "dev": true,
      "dependencies": {
        "jsdom": "23.0.0"
      },
      "engines": {
        "node": ">=18"
      }
    },
    "node_modules/combined-stream": {
      "version": "1.0.8",
      "dev": true,
      "license": "MIT",
      "dependencies": {
        "delayed-stream": "~1.0.0"
      },
      "engines": {
        "node": ">= 0.8"
      }
    },
    "node_modules/cssstyle": {
      "version": "3.0.0",
      "dev": true,
      "license": "MIT",
      "dependencies": {
        "rrweb-cssom": "^0.6.0"
      },
      "engines": {
        "node": ">=14"
      }
    },
    "node_modules/data-urls": {
      "version": "5.0.0",
      "dev": true,
      "license": "MIT",
      "dependencies": {
        "whatwg-mimetype": "^4.0.0",
        "whatwg-url": "^14.0.0"
      },
      "engines": {
        "node": ">=18"
      }
    },
    "node_modules/debug": {
      "version": "4.3.4",
      "dev": true,
      "license": "MIT",
      "dependencies": {
        "ms": "2.1.2"
      },
      "engines": {
        "node": ">=6.0"
      },
      "peerDependenciesMeta": {
        "supports-color": {
          "optional": true
        }
      }
    },
    "node_modules/decimal.js": {
      "version": "10.4.3",
      "dev": true,
      "license": "MIT"
    },
    "node_modules/delayed-stream": {
      "version": "1.0.0",
      "dev": true,
      "license": "MIT",
      "engines": {
        "node": ">=0.4.0"
      }
    },
    "node_modules/entities": {
      "version": "4.5.0",
      "dev": true,
      "license": "BSD-2-Clause",
      "engines": {
        "node": ">=0.12"
      },
      "funding": {
        "url": "https://github.com/fb55/entities?sponsor=1"
      }
    },
    "node_modules/form-data": {
      "version": "4.0.0",
      "dev": true,
      "license": "MIT",
      "dependencies": {
        "asynckit": "^0.4.0",
        "combined-stream": "^1.0.8",
        "mime-types": "^2.1.12"
      },
      "engines": {
        "node": ">= 6"
      }
    },
    "node_modules/html-encoding-sniffer": {
      "version": "4.0.0",
      "dev": true,
      "license": "MIT",
      "dependencies": {
        "whatwg-encoding": "^3.1.1"
      },
      "engines": {
        "node": ">=18"
      }
    },
    "node_modules/http-proxy-agent": {
      "version": "7.0.0",
      "dev": true,
      "license": "MIT",
      "dependencies": {
        "agent-base": "^7.1.0",
        "debug": "^4.3.4"
      },
      "engines": {
        "node": ">= 14"
      }
    },
    "node_modules/https-proxy-agent": {
      "version": "7.0.2",
      "dev": true,
      "license": "MIT",
      "dependencies": {
        "agent-base": "^7.0.2",
        "debug": "4"
      },
      "engines": {
        "node": ">= 14"
      }
    },
    "node_modules/iconv-lite": {
      "version": "0.6.3",
      "dev": true,
      "license": "MIT",
      "dependencies": {
        "safer-buffer": ">= 2.1.2 < 3.0.0"
      },
      "engines": {
        "node": ">=0.10.0"
      }
    },
    "node_modules/is-potential-custom-element-name": {
      "version": "1.0.1",
      "dev": true,
      "license": "MIT"
    },
    "node_modules/jsdom": {
      "version": "23.0.0",
      "dev": true,
      "license": "MIT",
      "dependencies": {
        "cssstyle": "^3.0.0",
        "data-urls": "^5.0.0",
        "decimal.js": "^10.4.3",
        "form-data": "^4.0.0",
        "html-encoding-sniffer": "^4.0.0",
        "http-proxy-agent": "^7.0.0",
        "https-proxy-agent": "^7.0.2",
        "is-potential-custom-element-name": "^1.0.1",
        "nwsapi": "^2.2.7",
        "parse5": "^7.1.2",
        "rrweb-cssom": "^0.6.0",
        "saxes": "^6.0.0",
        "symbol-tree": "^3.2.4",
        "tough-cookie": "^4.1.3",
        "w3c-xmlserializer": "^5.0.0",
        "webidl-conversions": "^7.0.0",
        "whatwg-encoding": "^3.1.1",
        "whatwg-mimetype": "^4.0.0",
        "whatwg-url": "^14.0.0",
        "ws": "^8.14.2",
        "xml-name-validator": "^5.0.0"
      },
      "engines": {
        "node": ">=18"
      },
      "peerDependencies": {
        "canvas": "^3.0.0"
      },
      "peerDependenciesMeta": {
        "canvas": {
          "optional": true
        }
      }
    },
    "node_modules/mime-db": {
      "version": "1.52.0",
      "dev": true,
      "license": "MIT",
      "engines": {
        "node": ">= 0.6"
      }
    },
    "node_modules/mime-types": {
      "version": "2.1.35",
      "dev": true,
      "license": "MIT",
      "dependencies": {
        "mime-db": "1.52.0"
      },
      "engines": {
        "node": ">= 0.6"
      }
    },
    "node_modules/ms": {
      "version": "2.1.2",
      "dev": true,
      "license": "MIT"
    },
    "node_modules/nwsapi": {
      "version": "2.2.7",
      "dev": true,
      "license": "MIT"
    },
    "node_modules/parse5": {
      "version": "7.1.2",
      "dev": true,
      "license": "MIT",
      "dependencies": {
        "entities": "^4.4.0"
      },
      "funding": {
        "url": "https://github.com/inikulin/parse5?sponsor=1"
      }
    },
    "node_modules/psl": {
      "version": "1.9.0",
      "dev": true,
      "license": "MIT"
    },
    "node_modules/punycode": {
      "version": "2.3.1",
      "dev": true,
      "license": "MIT",
      "engines": {
        "node": ">=6"
      }
    },
    "node_modules/querystringify": {
      "version": "2.2.0",
      "dev": true,
      "license": "MIT"
    },
    "node_modules/requires-port": {
      "version": "1.0.0",
      "dev": true,
      "license": "MIT"
    },
    "node_modules/rrweb-cssom": {
      "version": "0.6.0",
      "dev": true,
      "license": "MIT"
    },
    "node_modules/safer-buffer": {
      "version": "2.1.2",
      "dev": true,
      "license": "MIT"
    },
    "node_modules/saxes": {
      "version": "6.0.0",
      "dev": true,
      "license": "ISC",
      "dependencies": {
        "xmlchars": "^2.2.0"
      },
      "engines": {
        "node": ">=v12.22.7"
      }
    },
    "node_modules/symbol-tree": {
      "version": "3.2.4",
      "dev": true,
      "license": "MIT"
    },
    "node_modules/tough-cookie": {
      "version": "4.1.3",
      "dev": true,
      "license": "BSD-3-Clause",
      "dependencies": {
        "psl": "^1.1.33",
        "punycode": "^2.1.1",
        "universalify": "^0.2.0",
        "url-parse": "^1.5.3"
      },
      "engines": {
        "node": ">=6"
      }
    },
    "node_modules/tough-cookie/node_modules/universalify": {
      "version": "0.2.0",
      "dev": true,
      "license": "MIT",
      "engines": {
        "node": ">= 4.0.0"
      }
    },
    "node_modules/tr46": {
      "version": "5.0.0",
      "dev": true,
      "license": "MIT",
      "dependencies": {
        "punycode": "^2.3.1"
      },
      "engines": {
        "node": ">=18"
      }
    },
    "node_modules/url-parse": {
      "version": "1.5.10",
      "dev": true,
      "license": "MIT",
      "dependencies": {
        "querystringify": "^2.1.1",
        "requires-port": "^1.0.0"
      }
    },
    "node_modules/w3c-xmlserializer": {
      "version": "5.0.0",
      "dev": true,
      "license": "MIT",
      "dependencies": {
        "xml-name-validator": "^5.0.0"
      },
      "engines": {
        "node": ">=18"
      }
    },
    "node_modules/webidl-conversions": {
      "version": "7.0.0",
      "dev": true,
      "license": "BSD-2-Clause",
      "engines": {
        "node": ">=12"
      }
    },
    "node_modules/whatwg-encoding": {
      "version": "3.1.1",
      "dev": true,
      "license": "MIT",
      "dependencies": {
        "iconv-lite": "0.6.3"
      },
      "engines": {
        "node": ">=18"
      }
    },
    "node_modules/whatwg-mimetype": {
      "version": "4.0.0",
      "dev": true,
      "license": "MIT",
      "engines": {
        "node": ">=18"
      }
    },
    "node_modules/whatwg-url": {
      "version": "14.0.0",
      "dev": true,
      "license": "MIT",
      "dependencies": {
        "tr46": "^5.0.0",
        "webidl-conversions": "^7.0.0"
      },
      "engines": {
        "node": ">=18"
      }
    },
    "node_modules/ws": {
      "version": "8.14.2",
      "dev": true,
      "license": "MIT",
      "engines": {
        "node": ">=10.0.0"
      },
      "peerDependencies": {
        "bufferutil": "^4.0.1",
        "utf-8-validate": ">=5.0.2"
      },
      "peerDependenciesMeta": {
        "bufferutil": {
          "optional": true
        },
        "utf-8-validate": {
          "optional": true
        }
      }
    },
    "node_modules/xml-name-validator": {
      "version": "5.0.0",
      "dev": true,
      "license": "Apache-2.0",
      "engines": {
        "node": ">=18"
      }
    },
    "node_modules/xmlchars": {
      "version": "2.2.0",
      "dev": true,
      "license": "MIT"
    }
  }
}
