{
  "name": "@blockly/migrate",
  "version": "1.0.0",
  "lockfileVersion": 2,
  "requires": true,
  "packages": {
    "": {
      "name": "@blockly/migrate",
      "version": "1.0.0",
      "license": "Apache-2.0",
      "dependencies": {
        "chalk": "^4.0.0",
        "commander": "^8.0.0",
        "fs-extra": "^9.0.0"
      },
      "bin": {
        "migrate": "bin/cli.js"
      },
      "devDependencies": {
        "chai": "^4.3.4",
        "sinon": "^11.1.2"
      },
      "engines": {
        "node": ">=8.0.0"
      }
    },
    "node_modules/@sinonjs/commons": {
      "version": "1.8.3",
      "resolved": "https://registry.npmjs.org/@sinonjs/commons/-/commons-1.8.3.tgz",
      "integrity": "sha512-xkNcLAn/wZaX14RPlwizcKicDk9G3F8m2nU3L7Ukm5zBgTwiT0wsoFAHx9Jq56fJA1z/7uKGtCRu16sOUCLIHQ==",
      "dev": true,
      "dependencies": {
        "type-detect": "4.0.8"
      }
    },
    "node_modules/@sinonjs/fake-timers": {
      "version": "7.1.2",
      "resolved": "https://registry.npmjs.org/@sinonjs/fake-timers/-/fake-timers-7.1.2.tgz",
      "integrity": "sha512-iQADsW4LBMISqZ6Ci1dupJL9pprqwcVFTcOsEmQOEhW+KLCVn/Y4Jrvg2k19fIHCp+iFprriYPTdRcQR8NbUPg==",
      "dev": true,
      "dependencies": {
        "@sinonjs/commons": "^1.7.0"
      }
    },
    "node_modules/@sinonjs/samsam": {
      "version": "6.0.2",
      "resolved": "https://registry.npmjs.org/@sinonjs/samsam/-/samsam-6.0.2.tgz",
      "integrity": "sha512-jxPRPp9n93ci7b8hMfJOFDPRLFYadN6FSpeROFTR4UNF4i5b+EK6m4QXPO46BDhFgRy1JuS87zAnFOzCUwMJcQ==",
      "dev": true,
      "dependencies": {
        "@sinonjs/commons": "^1.6.0",
        "lodash.get": "^4.4.2",
        "type-detect": "^4.0.8"
      }
    },
    "node_modules/@sinonjs/text-encoding": {
      "version": "0.7.1",
      "resolved": "https://registry.npmjs.org/@sinonjs/text-encoding/-/text-encoding-0.7.1.tgz",
      "integrity": "sha512-+iTbntw2IZPb/anVDbypzfQa+ay64MW0Zo8aJ8gZPWMMK6/OubMVb6lUPMagqjOPnmtauXnFCACVl3O7ogjeqQ==",
      "dev": true
    },
    "node_modules/@types/color-name": {
      "version": "1.1.1",
      "resolved": "https://registry.npmjs.org/@types/color-name/-/color-name-1.1.1.tgz",
      "integrity": "sha512-rr+OQyAjxze7GgWrSaJwydHStIhHq2lvY3BOC2Mj7KnzI7XK0Uw1TOOdI9lDoajEbSWLiYgoo4f1R51erQfhPQ=="
    },
    "node_modules/ansi-styles": {
      "version": "4.2.1",
      "resolved": "https://registry.npmjs.org/ansi-styles/-/ansi-styles-4.2.1.tgz",
      "integrity": "sha512-9VGjrMsG1vePxcSweQsN20KY/c4zN0h9fLjqAbwbPfahM3t+NL+M9HC8xeXG2I8pX5NoamTGNuomEUFI7fcUjA==",
      "dependencies": {
        "@types/color-name": "^1.1.1",
        "color-convert": "^2.0.1"
      },
      "engines": {
        "node": ">=8"
      }
    },
    "node_modules/assertion-error": {
      "version": "1.1.0",
      "resolved": "https://registry.npmjs.org/assertion-error/-/assertion-error-1.1.0.tgz",
      "integrity": "sha512-jgsaNduz+ndvGyFt3uSuWqvy4lCnIJiovtouQN5JZHOKCS2QuhEdbcQHFhVksz2N2U9hXJo8odG7ETyWlEeuDw==",
      "dev": true,
      "engines": {
        "node": "*"
      }
    },
    "node_modules/at-least-node": {
      "version": "1.0.0",
      "resolved": "https://registry.npmjs.org/at-least-node/-/at-least-node-1.0.0.tgz",
      "integrity": "sha512-+q/t7Ekv1EDY2l6Gda6LLiX14rU9TV20Wa3ofeQmwPFZbOMo9DXrLbOjFaaclkXKWidIaopwAObQDqwWtGUjqg==",
      "engines": {
        "node": ">= 4.0.0"
      }
    },
    "node_modules/chai": {
      "version": "4.3.4",
      "resolved": "https://registry.npmjs.org/chai/-/chai-4.3.4.tgz",
      "integrity": "sha512-yS5H68VYOCtN1cjfwumDSuzn/9c+yza4f3reKXlE5rUg7SFcCEy90gJvydNgOYtblyf4Zi6jIWRnXOgErta0KA==",
      "dev": true,
      "dependencies": {
        "assertion-error": "^1.1.0",
        "check-error": "^1.0.2",
        "deep-eql": "^3.0.1",
        "get-func-name": "^2.0.0",
        "pathval": "^1.1.1",
        "type-detect": "^4.0.5"
      },
      "engines": {
        "node": ">=4"
      }
    },
    "node_modules/chalk": {
      "version": "4.0.0",
      "resolved": "https://registry.npmjs.org/chalk/-/chalk-4.0.0.tgz",
      "integrity": "sha512-N9oWFcegS0sFr9oh1oz2d7Npos6vNoWW9HvtCg5N1KRFpUhaAhvTv5Y58g880fZaEYSNm3qDz8SU1UrGvp+n7A==",
      "dependencies": {
        "ansi-styles": "^4.1.0",
        "supports-color": "^7.1.0"
      },
      "engines": {
        "node": ">=10"
      }
    },
    "node_modules/check-error": {
      "version": "1.0.2",
      "resolved": "https://registry.npmjs.org/check-error/-/check-error-1.0.2.tgz",
      "integrity": "sha1-V00xLt2Iu13YkS6Sht1sCu1KrII=",
      "dev": true,
      "engines": {
        "node": "*"
      }
    },
    "node_modules/color-convert": {
      "version": "2.0.1",
      "resolved": "https://registry.npmjs.org/color-convert/-/color-convert-2.0.1.tgz",
      "integrity": "sha512-RRECPsj7iu/xb5oKYcsFHSppFNnsj/52OVTRKb4zP5onXwVF3zVmmToNcOfGC+CRDpfK/U584fMg38ZHCaElKQ==",
      "dependencies": {
        "color-name": "~1.1.4"
      },
      "engines": {
        "node": ">=7.0.0"
      }
    },
    "node_modules/color-name": {
      "version": "1.1.4",
      "resolved": "https://registry.npmjs.org/color-name/-/color-name-1.1.4.tgz",
      "integrity": "sha512-dOy+3AuW3a2wNbZHIuMZpTcgjGuLU/uBL/ubcZF9OXbDo8ff4O8yVp5Bf0efS8uEoYo5q4Fx7dY9OgQGXgAsQA=="
    },
    "node_modules/commander": {
      "version": "8.1.0",
      "resolved": "https://registry.npmjs.org/commander/-/commander-8.1.0.tgz",
      "integrity": "sha512-mf45ldcuHSYShkplHHGKWb4TrmwQadxOn7v4WuhDJy0ZVoY5JFajaRDKD0PNe5qXzBX0rhovjTnP6Kz9LETcuA==",
      "engines": {
        "node": ">= 12"
      }
    },
    "node_modules/deep-eql": {
      "version": "3.0.1",
      "resolved": "https://registry.npmjs.org/deep-eql/-/deep-eql-3.0.1.tgz",
      "integrity": "sha512-+QeIQyN5ZuO+3Uk5DYh6/1eKO0m0YmJFGNmFHGACpf1ClL1nmlV/p4gNgbl2pJGxgXb4faqo6UE+M5ACEMyVcw==",
      "dev": true,
      "dependencies": {
        "type-detect": "^4.0.0"
      },
      "engines": {
        "node": ">=0.12"
      }
    },
    "node_modules/diff": {
      "version": "5.0.0",
      "resolved": "https://registry.npmjs.org/diff/-/diff-5.0.0.tgz",
      "integrity": "sha512-/VTCrvm5Z0JGty/BWHljh+BAiw3IK+2j87NGMu8Nwc/f48WoDAC395uomO9ZD117ZOBaHmkX1oyLvkVM/aIT3w==",
      "dev": true,
      "engines": {
        "node": ">=0.3.1"
      }
    },
    "node_modules/fs-extra": {
      "version": "9.0.0",
      "resolved": "https://registry.npmjs.org/fs-extra/-/fs-extra-9.0.0.tgz",
      "integrity": "sha512-pmEYSk3vYsG/bF651KPUXZ+hvjpgWYw/Gc7W9NFUe3ZVLczKKWIij3IKpOrQcdw4TILtibFslZ0UmR8Vvzig4g==",
      "dependencies": {
        "at-least-node": "^1.0.0",
        "graceful-fs": "^4.2.0",
        "jsonfile": "^6.0.1",
        "universalify": "^1.0.0"
      },
      "engines": {
        "node": ">=10"
      }
    },
    "node_modules/get-func-name": {
      "version": "2.0.0",
      "resolved": "https://registry.npmjs.org/get-func-name/-/get-func-name-2.0.0.tgz",
      "integrity": "sha1-6td0q+5y4gQJQzoGY2YCPdaIekE=",
      "dev": true,
      "engines": {
        "node": "*"
      }
    },
    "node_modules/graceful-fs": {
      "version": "4.2.3",
      "resolved": "https://registry.npmjs.org/graceful-fs/-/graceful-fs-4.2.3.tgz",
      "integrity": "sha512-a30VEBm4PEdx1dRB7MFK7BejejvCvBronbLjht+sHuGYj8PHs7M/5Z+rt5lw551vZ7yfTCj4Vuyy3mSJytDWRQ=="
    },
    "node_modules/has-flag": {
      "version": "4.0.0",
      "resolved": "https://registry.npmjs.org/has-flag/-/has-flag-4.0.0.tgz",
      "integrity": "sha512-EykJT/Q1KjTWctppgIAgfSO0tKVuZUjhgMr17kqTumMl6Afv3EISleU7qZUzoXDFTAHTDC4NOoG/ZxU3EvlMPQ==",
      "engines": {
        "node": ">=8"
      }
    },
    "node_modules/isarray": {
      "version": "0.0.1",
      "resolved": "https://registry.npmjs.org/isarray/-/isarray-0.0.1.tgz",
      "integrity": "sha1-ihis/Kmo9Bd+Cav8YDiTmwXR7t8=",
      "dev": true
    },
    "node_modules/jsonfile": {
      "version": "6.0.1",
      "resolved": "https://registry.npmjs.org/jsonfile/-/jsonfile-6.0.1.tgz",
      "integrity": "sha512-jR2b5v7d2vIOust+w3wtFKZIfpC2pnRmFAhAC/BuweZFQR8qZzxH1OyrQ10HmdVYiXWkYUqPVsz91cG7EL2FBg==",
      "dependencies": {
        "graceful-fs": "^4.1.6",
        "universalify": "^1.0.0"
      }
    },
    "node_modules/just-extend": {
      "version": "4.2.1",
      "resolved": "https://registry.npmjs.org/just-extend/-/just-extend-4.2.1.tgz",
      "integrity": "sha512-g3UB796vUFIY90VIv/WX3L2c8CS2MdWUww3CNrYmqza1Fg0DURc2K/O4YrnklBdQarSJ/y8JnJYDGc+1iumQjg==",
      "dev": true
    },
    "node_modules/lodash.get": {
      "version": "4.4.2",
      "resolved": "https://registry.npmjs.org/lodash.get/-/lodash.get-4.4.2.tgz",
      "integrity": "sha1-LRd/ZS+jHpObRDjVNBSZ36OCXpk=",
      "dev": true
    },
    "node_modules/nise": {
      "version": "5.1.0",
      "resolved": "https://registry.npmjs.org/nise/-/nise-5.1.0.tgz",
      "integrity": "sha512-W5WlHu+wvo3PaKLsJJkgPup2LrsXCcm7AWwyNZkUnn5rwPkuPBi3Iwk5SQtN0mv+K65k7nKKjwNQ30wg3wLAQQ==",
      "dev": true,
      "dependencies": {
        "@sinonjs/commons": "^1.7.0",
        "@sinonjs/fake-timers": "^7.0.4",
        "@sinonjs/text-encoding": "^0.7.1",
        "just-extend": "^4.0.2",
        "path-to-regexp": "^1.7.0"
      }
    },
    "node_modules/path-to-regexp": {
      "version": "1.8.0",
      "resolved": "https://registry.npmjs.org/path-to-regexp/-/path-to-regexp-1.8.0.tgz",
      "integrity": "sha512-n43JRhlUKUAlibEJhPeir1ncUID16QnEjNpwzNdO3Lm4ywrBpBZ5oLD0I6br9evr1Y9JTqwRtAh7JLoOzAQdVA==",
      "dev": true,
      "dependencies": {
        "isarray": "0.0.1"
      }
    },
    "node_modules/pathval": {
      "version": "1.1.1",
      "resolved": "https://registry.npmjs.org/pathval/-/pathval-1.1.1.tgz",
      "integrity": "sha512-Dp6zGqpTdETdR63lehJYPeIOqpiNBNtc7BpWSLrOje7UaIsE5aY92r/AunQA7rsXvet3lrJ3JnZX29UPTKXyKQ==",
      "dev": true,
      "engines": {
        "node": "*"
      }
    },
    "node_modules/sinon": {
      "version": "11.1.2",
      "resolved": "https://registry.npmjs.org/sinon/-/sinon-11.1.2.tgz",
      "integrity": "sha512-59237HChms4kg7/sXhiRcUzdSkKuydDeTiamT/jesUVHshBgL8XAmhgFo0GfK6RruMDM/iRSij1EybmMog9cJw==",
      "dev": true,
      "dependencies": {
        "@sinonjs/commons": "^1.8.3",
        "@sinonjs/fake-timers": "^7.1.2",
        "@sinonjs/samsam": "^6.0.2",
        "diff": "^5.0.0",
        "nise": "^5.1.0",
        "supports-color": "^7.2.0"
      },
      "funding": {
        "type": "opencollective",
        "url": "https://opencollective.com/sinon"
      }
    },
    "node_modules/supports-color": {
      "version": "7.2.0",
      "resolved": "https://registry.npmjs.org/supports-color/-/supports-color-7.2.0.tgz",
      "integrity": "sha512-qpCAvRl9stuOHveKsn7HncJRvv501qIacKzQlO/+Lwxc9+0q2wLyv4Dfvt80/DPn2pqOBsJdDiogXGR9+OvwRw==",
      "dependencies": {
        "has-flag": "^4.0.0"
      },
      "engines": {
        "node": ">=8"
      }
    },
    "node_modules/type-detect": {
      "version": "4.0.8",
      "resolved": "https://registry.npmjs.org/type-detect/-/type-detect-4.0.8.tgz",
      "integrity": "sha512-0fr/mIH1dlO+x7TlcMy+bIDqKPsw/70tVyeHW787goQjhmqaZe10uwLujubK9q9Lg6Fiho1KUKDYz0Z7k7g5/g==",
      "dev": true,
      "engines": {
        "node": ">=4"
      }
    },
    "node_modules/universalify": {
      "version": "1.0.0",
      "resolved": "https://registry.npmjs.org/universalify/-/universalify-1.0.0.tgz",
      "integrity": "sha512-rb6X1W158d7pRQBg5gkR8uPaSfiids68LTJQYOtEUhoJUWBdaQHsuT/EUduxXYxcrt4r5PJ4fuHW1MHT6p0qug==",
      "engines": {
        "node": ">= 10.0.0"
      }
    }
  },
  "dependencies": {
    "@sinonjs/commons": {
      "version": "1.8.3",
      "resolved": "https://registry.npmjs.org/@sinonjs/commons/-/commons-1.8.3.tgz",
      "integrity": "sha512-xkNcLAn/wZaX14RPlwizcKicDk9G3F8m2nU3L7Ukm5zBgTwiT0wsoFAHx9Jq56fJA1z/7uKGtCRu16sOUCLIHQ==",
      "dev": true,
      "requires": {
        "type-detect": "4.0.8"
      }
    },
    "@sinonjs/fake-timers": {
      "version": "7.1.2",
      "resolved": "https://registry.npmjs.org/@sinonjs/fake-timers/-/fake-timers-7.1.2.tgz",
      "integrity": "sha512-iQADsW4LBMISqZ6Ci1dupJL9pprqwcVFTcOsEmQOEhW+KLCVn/Y4Jrvg2k19fIHCp+iFprriYPTdRcQR8NbUPg==",
      "dev": true,
      "requires": {
        "@sinonjs/commons": "^1.7.0"
      }
    },
    "@sinonjs/samsam": {
      "version": "6.0.2",
      "resolved": "https://registry.npmjs.org/@sinonjs/samsam/-/samsam-6.0.2.tgz",
      "integrity": "sha512-jxPRPp9n93ci7b8hMfJOFDPRLFYadN6FSpeROFTR4UNF4i5b+EK6m4QXPO46BDhFgRy1JuS87zAnFOzCUwMJcQ==",
      "dev": true,
      "requires": {
        "@sinonjs/commons": "^1.6.0",
        "lodash.get": "^4.4.2",
        "type-detect": "^4.0.8"
      }
    },
    "@sinonjs/text-encoding": {
      "version": "0.7.1",
      "resolved": "https://registry.npmjs.org/@sinonjs/text-encoding/-/text-encoding-0.7.1.tgz",
      "integrity": "sha512-+iTbntw2IZPb/anVDbypzfQa+ay64MW0Zo8aJ8gZPWMMK6/OubMVb6lUPMagqjOPnmtauXnFCACVl3O7ogjeqQ==",
      "dev": true
    },
    "@types/color-name": {
      "version": "1.1.1",
      "resolved": "https://registry.npmjs.org/@types/color-name/-/color-name-1.1.1.tgz",
      "integrity": "sha512-rr+OQyAjxze7GgWrSaJwydHStIhHq2lvY3BOC2Mj7KnzI7XK0Uw1TOOdI9lDoajEbSWLiYgoo4f1R51erQfhPQ=="
    },
    "ansi-styles": {
      "version": "4.2.1",
      "resolved": "https://registry.npmjs.org/ansi-styles/-/ansi-styles-4.2.1.tgz",
      "integrity": "sha512-9VGjrMsG1vePxcSweQsN20KY/c4zN0h9fLjqAbwbPfahM3t+NL+M9HC8xeXG2I8pX5NoamTGNuomEUFI7fcUjA==",
      "requires": {
        "@types/color-name": "^1.1.1",
        "color-convert": "^2.0.1"
      }
    },
    "assertion-error": {
      "version": "1.1.0",
      "resolved": "https://registry.npmjs.org/assertion-error/-/assertion-error-1.1.0.tgz",
      "integrity": "sha512-jgsaNduz+ndvGyFt3uSuWqvy4lCnIJiovtouQN5JZHOKCS2QuhEdbcQHFhVksz2N2U9hXJo8odG7ETyWlEeuDw==",
      "dev": true
    },
    "at-least-node": {
      "version": "1.0.0",
      "resolved": "https://registry.npmjs.org/at-least-node/-/at-least-node-1.0.0.tgz",
      "integrity": "sha512-+q/t7Ekv1EDY2l6Gda6LLiX14rU9TV20Wa3ofeQmwPFZbOMo9DXrLbOjFaaclkXKWidIaopwAObQDqwWtGUjqg=="
    },
    "chai": {
      "version": "4.3.4",
      "resolved": "https://registry.npmjs.org/chai/-/chai-4.3.4.tgz",
      "integrity": "sha512-yS5H68VYOCtN1cjfwumDSuzn/9c+yza4f3reKXlE5rUg7SFcCEy90gJvydNgOYtblyf4Zi6jIWRnXOgErta0KA==",
      "dev": true,
      "requires": {
        "assertion-error": "^1.1.0",
        "check-error": "^1.0.2",
        "deep-eql": "^3.0.1",
        "get-func-name": "^2.0.0",
        "pathval": "^1.1.1",
        "type-detect": "^4.0.5"
      }
    },
    "chalk": {
      "version": "4.0.0",
      "resolved": "https://registry.npmjs.org/chalk/-/chalk-4.0.0.tgz",
      "integrity": "sha512-N9oWFcegS0sFr9oh1oz2d7Npos6vNoWW9HvtCg5N1KRFpUhaAhvTv5Y58g880fZaEYSNm3qDz8SU1UrGvp+n7A==",
      "requires": {
        "ansi-styles": "^4.1.0",
        "supports-color": "^7.1.0"
      }
    },
    "check-error": {
      "version": "1.0.2",
      "resolved": "https://registry.npmjs.org/check-error/-/check-error-1.0.2.tgz",
      "integrity": "sha1-V00xLt2Iu13YkS6Sht1sCu1KrII=",
      "dev": true
    },
    "color-convert": {
      "version": "2.0.1",
      "resolved": "https://registry.npmjs.org/color-convert/-/color-convert-2.0.1.tgz",
      "integrity": "sha512-RRECPsj7iu/xb5oKYcsFHSppFNnsj/52OVTRKb4zP5onXwVF3zVmmToNcOfGC+CRDpfK/U584fMg38ZHCaElKQ==",
      "requires": {
        "color-name": "~1.1.4"
      }
    },
    "color-name": {
      "version": "1.1.4",
      "resolved": "https://registry.npmjs.org/color-name/-/color-name-1.1.4.tgz",
      "integrity": "sha512-dOy+3AuW3a2wNbZHIuMZpTcgjGuLU/uBL/ubcZF9OXbDo8ff4O8yVp5Bf0efS8uEoYo5q4Fx7dY9OgQGXgAsQA=="
    },
    "commander": {
      "version": "8.1.0",
      "resolved": "https://registry.npmjs.org/commander/-/commander-8.1.0.tgz",
      "integrity": "sha512-mf45ldcuHSYShkplHHGKWb4TrmwQadxOn7v4WuhDJy0ZVoY5JFajaRDKD0PNe5qXzBX0rhovjTnP6Kz9LETcuA=="
    },
    "deep-eql": {
      "version": "3.0.1",
      "resolved": "https://registry.npmjs.org/deep-eql/-/deep-eql-3.0.1.tgz",
      "integrity": "sha512-+QeIQyN5ZuO+3Uk5DYh6/1eKO0m0YmJFGNmFHGACpf1ClL1nmlV/p4gNgbl2pJGxgXb4faqo6UE+M5ACEMyVcw==",
      "dev": true,
      "requires": {
        "type-detect": "^4.0.0"
      }
    },
    "diff": {
      "version": "5.0.0",
      "resolved": "https://registry.npmjs.org/diff/-/diff-5.0.0.tgz",
      "integrity": "sha512-/VTCrvm5Z0JGty/BWHljh+BAiw3IK+2j87NGMu8Nwc/f48WoDAC395uomO9ZD117ZOBaHmkX1oyLvkVM/aIT3w==",
      "dev": true
    },
    "fs-extra": {
      "version": "9.0.0",
      "resolved": "https://registry.npmjs.org/fs-extra/-/fs-extra-9.0.0.tgz",
      "integrity": "sha512-pmEYSk3vYsG/bF651KPUXZ+hvjpgWYw/Gc7W9NFUe3ZVLczKKWIij3IKpOrQcdw4TILtibFslZ0UmR8Vvzig4g==",
      "requires": {
        "at-least-node": "^1.0.0",
        "graceful-fs": "^4.2.0",
        "jsonfile": "^6.0.1",
        "universalify": "^1.0.0"
      }
    },
    "get-func-name": {
      "version": "2.0.0",
      "resolved": "https://registry.npmjs.org/get-func-name/-/get-func-name-2.0.0.tgz",
      "integrity": "sha1-6td0q+5y4gQJQzoGY2YCPdaIekE=",
      "dev": true
    },
    "graceful-fs": {
      "version": "4.2.3",
      "resolved": "https://registry.npmjs.org/graceful-fs/-/graceful-fs-4.2.3.tgz",
      "integrity": "sha512-a30VEBm4PEdx1dRB7MFK7BejejvCvBronbLjht+sHuGYj8PHs7M/5Z+rt5lw551vZ7yfTCj4Vuyy3mSJytDWRQ=="
    },
    "has-flag": {
      "version": "4.0.0",
      "resolved": "https://registry.npmjs.org/has-flag/-/has-flag-4.0.0.tgz",
      "integrity": "sha512-EykJT/Q1KjTWctppgIAgfSO0tKVuZUjhgMr17kqTumMl6Afv3EISleU7qZUzoXDFTAHTDC4NOoG/ZxU3EvlMPQ=="
    },
    "isarray": {
      "version": "0.0.1",
      "resolved": "https://registry.npmjs.org/isarray/-/isarray-0.0.1.tgz",
      "integrity": "sha1-ihis/Kmo9Bd+Cav8YDiTmwXR7t8=",
      "dev": true
    },
    "jsonfile": {
      "version": "6.0.1",
      "resolved": "https://registry.npmjs.org/jsonfile/-/jsonfile-6.0.1.tgz",
      "integrity": "sha512-jR2b5v7d2vIOust+w3wtFKZIfpC2pnRmFAhAC/BuweZFQR8qZzxH1OyrQ10HmdVYiXWkYUqPVsz91cG7EL2FBg==",
      "requires": {
        "graceful-fs": "^4.1.6",
        "universalify": "^1.0.0"
      }
    },
    "just-extend": {
      "version": "4.2.1",
      "resolved": "https://registry.npmjs.org/just-extend/-/just-extend-4.2.1.tgz",
      "integrity": "sha512-g3UB796vUFIY90VIv/WX3L2c8CS2MdWUww3CNrYmqza1Fg0DURc2K/O4YrnklBdQarSJ/y8JnJYDGc+1iumQjg==",
      "dev": true
    },
    "lodash.get": {
      "version": "4.4.2",
      "resolved": "https://registry.npmjs.org/lodash.get/-/lodash.get-4.4.2.tgz",
      "integrity": "sha1-LRd/ZS+jHpObRDjVNBSZ36OCXpk=",
      "dev": true
    },
    "nise": {
      "version": "5.1.0",
      "resolved": "https://registry.npmjs.org/nise/-/nise-5.1.0.tgz",
      "integrity": "sha512-W5WlHu+wvo3PaKLsJJkgPup2LrsXCcm7AWwyNZkUnn5rwPkuPBi3Iwk5SQtN0mv+K65k7nKKjwNQ30wg3wLAQQ==",
      "dev": true,
      "requires": {
        "@sinonjs/commons": "^1.7.0",
        "@sinonjs/fake-timers": "^7.0.4",
        "@sinonjs/text-encoding": "^0.7.1",
        "just-extend": "^4.0.2",
        "path-to-regexp": "^1.7.0"
      }
    },
    "path-to-regexp": {
      "version": "1.8.0",
      "resolved": "https://registry.npmjs.org/path-to-regexp/-/path-to-regexp-1.8.0.tgz",
      "integrity": "sha512-n43JRhlUKUAlibEJhPeir1ncUID16QnEjNpwzNdO3Lm4ywrBpBZ5oLD0I6br9evr1Y9JTqwRtAh7JLoOzAQdVA==",
      "dev": true,
      "requires": {
        "isarray": "0.0.1"
      }
    },
    "pathval": {
      "version": "1.1.1",
      "resolved": "https://registry.npmjs.org/pathval/-/pathval-1.1.1.tgz",
      "integrity": "sha512-Dp6zGqpTdETdR63lehJYPeIOqpiNBNtc7BpWSLrOje7UaIsE5aY92r/AunQA7rsXvet3lrJ3JnZX29UPTKXyKQ==",
      "dev": true
    },
    "sinon": {
      "version": "11.1.2",
      "resolved": "https://registry.npmjs.org/sinon/-/sinon-11.1.2.tgz",
      "integrity": "sha512-59237HChms4kg7/sXhiRcUzdSkKuydDeTiamT/jesUVHshBgL8XAmhgFo0GfK6RruMDM/iRSij1EybmMog9cJw==",
      "dev": true,
      "requires": {
        "@sinonjs/commons": "^1.8.3",
        "@sinonjs/fake-timers": "^7.1.2",
        "@sinonjs/samsam": "^6.0.2",
        "diff": "^5.0.0",
        "nise": "^5.1.0",
        "supports-color": "^7.2.0"
      }
    },
    "supports-color": {
      "version": "7.2.0",
      "resolved": "https://registry.npmjs.org/supports-color/-/supports-color-7.2.0.tgz",
      "integrity": "sha512-qpCAvRl9stuOHveKsn7HncJRvv501qIacKzQlO/+Lwxc9+0q2wLyv4Dfvt80/DPn2pqOBsJdDiogXGR9+OvwRw==",
      "requires": {
        "has-flag": "^4.0.0"
      }
    },
    "type-detect": {
      "version": "4.0.8",
      "resolved": "https://registry.npmjs.org/type-detect/-/type-detect-4.0.8.tgz",
      "integrity": "sha512-0fr/mIH1dlO+x7TlcMy+bIDqKPsw/70tVyeHW787goQjhmqaZe10uwLujubK9q9Lg6Fiho1KUKDYz0Z7k7g5/g==",
      "dev": true
    },
    "universalify": {
      "version": "1.0.0",
      "resolved": "https://registry.npmjs.org/universalify/-/universalify-1.0.0.tgz",
      "integrity": "sha512-rb6X1W158d7pRQBg5gkR8uPaSfiids68LTJQYOtEUhoJUWBdaQHsuT/EUduxXYxcrt4r5PJ4fuHW1MHT6p0qug=="
    }
  }
}
