{
	"name": "@blockly/dev-tools",
	"version": "0.20200313.7",
	"lockfileVersion": 1,
	"requires": true,
	"dependencies": {
		"@types/dat.gui": {
			"version": "0.7.5",
			"resolved": "https://registry.npmjs.org/@types/dat.gui/-/dat.gui-0.7.5.tgz",
			"integrity": "sha512-5AqLThlTiuDSOZA7XZFogRj/UdGKn/iIfdFPuh37kY4s7TjTt+YUOlUmcCrY6wAYFFyThtt2z8qZlYcdkhJZ5w=="
		},
		"dat.gui": {
			"version": "0.7.7",
			"resolved": "https://registry.npmjs.org/dat.gui/-/dat.gui-0.7.7.tgz",
			"integrity": "sha512-sRl/28gF/XRC5ywC9I4zriATTsQcpSsRG7seXCPnTkK8/EQMIbCu5NPMpICLGxX9ZEUvcXR3ArLYCtgreFoMDw=="
		}
	}
}
